
Microsoft Visual Studio Solution File, Format Version 12.00
# Visual Studio Version 16
VisualStudioVersion = 16.0.31515.178
MinimumVisualStudioVersion = 10.0.40219.1
Project("{FAE04EC0-301F-11D3-BF4B-00C04F79EFBC}") = "UserRegistrationRegex", "UserRegistrationRegex\UserRegistrationRegex.csproj", "{943E6A06-849D-41AF-AB59-49DAA581D9CB}"
EndProject
Global
	GlobalSection(SolutionConfigurationPlatforms) = preSolution
		Debug|Any CPU = Debug|Any CPU
		Release|Any CPU = Release|Any CPU
	EndGlobalSection
	GlobalSection(ProjectConfigurationPlatforms) = postSolution
		{943E6A06-849D-41AF-AB59-49DAA581D9CB}.Debug|Any CPU.ActiveCfg = Debug|Any CPU
		{943E6A06-849D-41AF-AB59-49DAA581D9CB}.Debug|Any CPU.Build.0 = Debug|Any CPU
		{943E6A06-849D-41AF-AB59-49DAA581D9CB}.Release|Any CPU.ActiveCfg = Release|Any CPU
		{943E6A06-849D-41AF-AB59-49DAA581D9CB}.Release|Any CPU.Build.0 = Release|Any CPU
	EndGlobalSection
	GlobalSection(SolutionProperties) = preSolution
		HideSolutionNode = FALSE
	EndGlobalSection
	GlobalSection(ExtensibilityGlobals) = postSolution
		SolutionGuid = {3F4D32B0-1AAE-427B-94AB-B56119BB694C}
	EndGlobalSection
EndGlobal
